
Microsoft Visual Studio Solution File, Format Version 12.00
# Visual Studio Version 17
VisualStudioVersion = 17.8.34330.188
MinimumVisualStudioVersion = 10.0.40219.1
Project("{FAE04EC0-301F-11D3-BF4B-00C04F79EFBC}") = "Microservicio.Producto", "Microservicio.Producto\Microservicio.Producto.csproj", "{A97C903D-1982-484D-A1DD-8BBF9FC6C3C1}"
EndProject
Project("{FAE04EC0-301F-11D3-BF4B-00C04F79EFBC}") = "Application", "Application\Application.csproj", "{838306B7-CAEE-440F-BC1E-67BB09F46A58}"
EndProject
Project("{FAE04EC0-301F-11D3-BF4B-00C04F79EFBC}") = "Domain", "Domain\Domain.csproj", "{C1DCE63C-893E-4D23-9FDB-18E622C723EF}"
EndProject
Project("{FAE04EC0-301F-11D3-BF4B-00C04F79EFBC}") = "Infrastructure", "Infrastructure\Infrastructure.csproj", "{5DAD673D-92D2-4DCC-A222-EE855B4FD89D}"
EndProject
Global
	GlobalSection(SolutionConfigurationPlatforms) = preSolution
		Debug|Any CPU = Debug|Any CPU
		Release|Any CPU = Release|Any CPU
	EndGlobalSection
	GlobalSection(ProjectConfigurationPlatforms) = postSolution
		{A97C903D-1982-484D-A1DD-8BBF9FC6C3C1}.Debug|Any CPU.ActiveCfg = Debug|Any CPU
		{A97C903D-1982-484D-A1DD-8BBF9FC6C3C1}.Debug|Any CPU.Build.0 = Debug|Any CPU
		{A97C903D-1982-484D-A1DD-8BBF9FC6C3C1}.Release|Any CPU.ActiveCfg = Release|Any CPU
		{A97C903D-1982-484D-A1DD-8BBF9FC6C3C1}.Release|Any CPU.Build.0 = Release|Any CPU
		{838306B7-CAEE-440F-BC1E-67BB09F46A58}.Debug|Any CPU.ActiveCfg = Debug|Any CPU
		{838306B7-CAEE-440F-BC1E-67BB09F46A58}.Debug|Any CPU.Build.0 = Debug|Any CPU
		{838306B7-CAEE-440F-BC1E-67BB09F46A58}.Release|Any CPU.ActiveCfg = Release|Any CPU
		{838306B7-CAEE-440F-BC1E-67BB09F46A58}.Release|Any CPU.Build.0 = Release|Any CPU
		{C1DCE63C-893E-4D23-9FDB-18E622C723EF}.Debug|Any CPU.ActiveCfg = Debug|Any CPU
		{C1DCE63C-893E-4D23-9FDB-18E622C723EF}.Debug|Any CPU.Build.0 = Debug|Any CPU
		{C1DCE63C-893E-4D23-9FDB-18E622C723EF}.Release|Any CPU.ActiveCfg = Release|Any CPU
		{C1DCE63C-893E-4D23-9FDB-18E622C723EF}.Release|Any CPU.Build.0 = Release|Any CPU
		{5DAD673D-92D2-4DCC-A222-EE855B4FD89D}.Debug|Any CPU.ActiveCfg = Debug|Any CPU
		{5DAD673D-92D2-4DCC-A222-EE855B4FD89D}.Debug|Any CPU.Build.0 = Debug|Any CPU
		{5DAD673D-92D2-4DCC-A222-EE855B4FD89D}.Release|Any CPU.ActiveCfg = Release|Any CPU
		{5DAD673D-92D2-4DCC-A222-EE855B4FD89D}.Release|Any CPU.Build.0 = Release|Any CPU
	EndGlobalSection
	GlobalSection(SolutionProperties) = preSolution
		HideSolutionNode = FALSE
	EndGlobalSection
	GlobalSection(ExtensibilityGlobals) = postSolution
		SolutionGuid = {ECAAB43F-BDE2-4D90-9D7B-ED35D80DCFCA}
	EndGlobalSection
EndGlobal
